
Microsoft Visual Studio Solution File, Format Version 12.00
# Visual Studio 15
VisualStudioVersion = 15.0.28307.1525
MinimumVisualStudioVersion = 10.0.40219.1
Project("{FAE04EC0-301F-11D3-BF4B-00C04F79EFBC}") = "igra80syncDB", "igra80syncDB\igra80syncDB.csproj", "{107ECF15-BC1A-4F82-896D-CC08990CCEC1}"
EndProject
Global
	GlobalSection(SolutionConfigurationPlatforms) = preSolution
		Debug|Any CPU = Debug|Any CPU
		Release|Any CPU = Release|Any CPU
	EndGlobalSection
	GlobalSection(ProjectConfigurationPlatforms) = postSolution
		{107ECF15-BC1A-4F82-896D-CC08990CCEC1}.Debug|Any CPU.ActiveCfg = Debug|Any CPU
		{107ECF15-BC1A-4F82-896D-CC08990CCEC1}.Debug|Any CPU.Build.0 = Debug|Any CPU
		{107ECF15-BC1A-4F82-896D-CC08990CCEC1}.Release|Any CPU.ActiveCfg = Release|Any CPU
		{107ECF15-BC1A-4F82-896D-CC08990CCEC1}.Release|Any CPU.Build.0 = Release|Any CPU
	EndGlobalSection
	GlobalSection(SolutionProperties) = preSolution
		HideSolutionNode = FALSE
	EndGlobalSection
	GlobalSection(ExtensibilityGlobals) = postSolution
		SolutionGuid = {C4374660-5375-4E24-88D0-7D20BCF1F1DE}
	EndGlobalSection
EndGlobal
